
Microsoft Visual Studio Solution File, Format Version 12.00
# Visual Studio Version 16
VisualStudioVersion = 16.0.29709.97
MinimumVisualStudioVersion = 10.0.40219.1
Project("{2150E333-8FDC-42A3-9474-1A3956D46DE8}") = "Ch01", "Ch01", "{A34A594B-CF90-4E9F-80E1-C41EAAD30C2F}"
EndProject
Project("{8BC9CEB8-8B4A-11D0-8D11-00A0C91BC942}") = "FirstApp", "FirstApp\FirstApp.vcxproj", "{F91F997A-C776-4DF9-BED8-BBD16EA27749}"
EndProject
Project("{8BC9CEB8-8B4A-11D0-8D11-00A0C91BC942}") = "TemplateTest", "TemplateTest\TemplateTest.vcxproj", "{C31A5728-8EDD-4D2F-B9CB-563EE2A8DECE}"
EndProject
Project("{2150E333-8FDC-42A3-9474-1A3956D46DE8}") = "Ch03", "Ch03", "{863B575D-8155-498D-AF59-0486A306F93A}"
EndProject
Project("{8BC9CEB8-8B4A-11D0-8D11-00A0C91BC942}") = "chep3", "chep3\chep3.vcxproj", "{8ACC877F-B021-4819-BB17-01FFBE1CA2EF}"
EndProject
Project("{8BC9CEB8-8B4A-11D0-8D11-00A0C91BC942}") = "StringTest", "StringTest\StringTest.vcxproj", "{6CA094B7-162F-498C-B25B-0C879A7E5E71}"
EndProject
Project("{2150E333-8FDC-42A3-9474-1A3956D46DE8}") = "Ch04", "Ch04", "{20CF410E-4B48-43DD-AA26-A4DDE4E88B02}"
EndProject
Project("{8BC9CEB8-8B4A-11D0-8D11-00A0C91BC942}") = "DivideTest", "DivideTest\DivideTest.vcxproj", "{2C4E104F-2E48-42C0-88EB-B1B96FD61727}"
EndProject
Project("{8BC9CEB8-8B4A-11D0-8D11-00A0C91BC942}") = "CastTest", "CastTest\CastTest.vcxproj", "{6CBA6D7B-298C-4324-890E-E56C8BD54F7D}"
EndProject
Project("{8BC9CEB8-8B4A-11D0-8D11-00A0C91BC942}") = "OpTestApp", "OperateGit\OperateGit.vcxproj", "{B83F216E-D590-4EEB-92F2-EBDDB4DCBAF0}"
EndProject
Project("{2150E333-8FDC-42A3-9474-1A3956D46DE8}") = "Ch05.", "Ch05.", "{7FA1FEB9-8D7B-43DF-88F0-00FD7C5EAA20}"
EndProject
Project("{8BC9CEB8-8B4A-11D0-8D11-00A0C91BC942}") = "IfTest", "IfTest\IfTest.vcxproj", "{A05959D1-9BC6-4336-BEA3-3A62C6F7FA0A}"
EndProject
Project("{8BC9CEB8-8B4A-11D0-8D11-00A0C91BC942}") = "SwitchTestApp", "SwitchTestApp\SwitchTestApp.vcxproj", "{763BB2BD-14BF-48A8-A5E2-D95306A4F29D}"
EndProject
Project("{2150E333-8FDC-42A3-9474-1A3956D46DE8}") = "Ch06", "Ch06", "{5E6CB90D-F525-434A-907E-6085B99E6C79}"
EndProject
Project("{8BC9CEB8-8B4A-11D0-8D11-00A0C91BC942}") = "WhileTestApp", "WhileTestApp\WhileTestApp.vcxproj", "{91EB5478-E591-4109-A572-35365913514F}"
EndProject
Project("{8BC9CEB8-8B4A-11D0-8D11-00A0C91BC942}") = "ForTestApp", "ForTestApp\ForTestApp.vcxproj", "{521DDDC0-6995-4F5D-8BA9-E9966A7AA69A}"
EndProject
Project("{8BC9CEB8-8B4A-11D0-8D11-00A0C91BC942}") = "MulticableApp", "MulticableApp\MulticableApp.vcxproj", "{6F84AFF8-7C6F-4476-A025-35E7C1B9B7FD}"
EndProject
Project("{2150E333-8FDC-42A3-9474-1A3956D46DE8}") = "Ch07", "Ch07", "{D49E497C-BDE5-417B-A722-6366BC208238}"
EndProject
Project("{8BC9CEB8-8B4A-11D0-8D11-00A0C91BC942}") = "PuncTestApp", "PuncTestApp\PuncTestApp.vcxproj", "{07AA3BA3-8B76-49AB-9F41-BEFC3035FED2}"
EndProject
Project("{2150E333-8FDC-42A3-9474-1A3956D46DE8}") = "Ch08", "Ch08", "{AB72FA81-1B99-4425-96C9-4D2C1CF48370}"
EndProject
Project("{8BC9CEB8-8B4A-11D0-8D11-00A0C91BC942}") = "ArrayTestApp", "ArrayTestApp\ArrayTestApp.vcxproj", "{94F02929-EA62-4E46-AA87-BE8A9086FB60}"
EndProject
Project("{2150E333-8FDC-42A3-9474-1A3956D46DE8}") = "Ch09", "Ch09", "{C9B54D27-E638-46A0-9518-F0A51FCDC708}"
EndProject
Project("{8BC9CEB8-8B4A-11D0-8D11-00A0C91BC942}") = "PointerTestApp", "PointerTestApp\PointerTestApp.vcxproj", "{0B7E6760-CEF5-4092-AD91-6EEFF6FA47F9}"
EndProject
Project("{8BC9CEB8-8B4A-11D0-8D11-00A0C91BC942}") = "SwapTestApp", "SwapTestApp\SwapTestApp.vcxproj", "{6FBF70F8-1D25-4BE7-ABAE-CDA02D86816D}"
EndProject
Project("{2150E333-8FDC-42A3-9474-1A3956D46DE8}") = "Ch10", "Ch10", "{2DED2C7F-82B1-4215-A90F-EEE31D45811F}"
EndProject
Project("{8BC9CEB8-8B4A-11D0-8D11-00A0C91BC942}") = "ArrTestApp", "AryTestApp\AryTestApp.vcxproj", "{95DBF709-9E70-41B9-BF89-E861260B512F}"
EndProject
Project("{8BC9CEB8-8B4A-11D0-8D11-00A0C91BC942}") = "FindMaxApp", "FindMaxApp\FindMaxApp.vcxproj", "{21D27CF5-E5BB-405F-87F7-6E1F7056068B}"
EndProject
Project("{2150E333-8FDC-42A3-9474-1A3956D46DE8}") = "Ch11", "Ch11", "{7067FB64-0FC6-4F21-876A-DCDCB56FB95C}"
EndProject
Project("{8BC9CEB8-8B4A-11D0-8D11-00A0C91BC942}") = "CharTestApp", "CharTestApp\CharTestApp.vcxproj", "{1E44C7D1-A414-46C4-B460-7FE1863CE4D3}"
EndProject
Project("{2150E333-8FDC-42A3-9474-1A3956D46DE8}") = "NewProject", "NewProject", "{F0F2B3E8-E601-44B9-B662-B1B9DC389881}"
EndProject
Project("{8BC9CEB8-8B4A-11D0-8D11-00A0C91BC942}") = "Test", "Test\Test.vcxproj", "{3173B1F9-8EF1-4FD4-A535-03882EA594A8}"
EndProject
Project("{2150E333-8FDC-42A3-9474-1A3956D46DE8}") = "Ch12", "Ch12", "{1E0CA7EB-953F-48D2-B71F-68BD417A2EEC}"
EndProject
Project("{8BC9CEB8-8B4A-11D0-8D11-00A0C91BC942}") = "StrTestApp", "StrTestApp\StrTestApp.vcxproj", "{C56A4C29-53A8-40D6-96E0-79DFFB6BF373}"
EndProject
Project("{2150E333-8FDC-42A3-9474-1A3956D46DE8}") = "Ch13", "Ch13", "{6DE8E862-CD64-4824-AB0B-4F805C625988}"
EndProject
Project("{8BC9CEB8-8B4A-11D0-8D11-00A0C91BC942}") = "VarTestApp", "VarTestApp\VarTestApp.vcxproj", "{81D92745-9CE2-4BFE-9726-AEF8A8CA8CD7}"
EndProject
Project("{8BC9CEB8-8B4A-11D0-8D11-00A0C91BC942}") = "StaticVarTestApp", "StaticVarTestApp\StaticVarTestApp.vcxproj", "{D147FF15-8AEB-4442-9A9E-475F5B8DB853}"
EndProject
Project("{2150E333-8FDC-42A3-9474-1A3956D46DE8}") = "Ch14", "Ch14", "{A057BB39-F0A2-4FC1-9E8E-ED2266D4134D}"
EndProject
Project("{8BC9CEB8-8B4A-11D0-8D11-00A0C91BC942}") = "SAryTestApp", "SAryTestApp\SAryTestApp.vcxproj", "{C4B41D1A-63CB-499A-AFAD-86E637316DBD}"
EndProject
Project("{8BC9CEB8-8B4A-11D0-8D11-00A0C91BC942}") = "ThridTestApp", "ThridTestApp\ThridTestApp.vcxproj", "{6167FE5E-B0AA-44A6-B52D-C2EEC38E51FE}"
EndProject
Project("{8BC9CEB8-8B4A-11D0-8D11-00A0C91BC942}") = "StringPtrAPP", "StringPtrAPP\StringPtrAPP.vcxproj", "{55E424F5-367E-45DF-A9EB-93F5FC3DF2B8}"
EndProject
Project("{2150E333-8FDC-42A3-9474-1A3956D46DE8}") = "Ch15", "Ch15", "{C7669E19-EEBD-4D3B-B675-B4B6A270B1F8}"
EndProject
Project("{8BC9CEB8-8B4A-11D0-8D11-00A0C91BC942}") = "DoublePointApp", "DoublePointApp\DoublePointApp.vcxproj", "{DCD64A0C-E5AD-43DC-9E33-963F463D4D03}"
EndProject
Project("{8BC9CEB8-8B4A-11D0-8D11-00A0C91BC942}") = "PtrSwapApp", "PtrSwaoAoo\PtrSwaoAoo.vcxproj", "{23ED660A-DBCD-44CA-B587-7A291306C787}"
EndProject
Project("{2150E333-8FDC-42A3-9474-1A3956D46DE8}") = "Ch16", "Ch16", "{2970D880-1DA7-4741-A603-A8BD3CD0D557}"
EndProject
Project("{8BC9CEB8-8B4A-11D0-8D11-00A0C91BC942}") = "DynamicMemApp", "DynamicMemApp\DynamicMemApp.vcxproj", "{1861D5BF-69BE-4905-8AB0-A683EA825E8A}"
EndProject
Project("{8BC9CEB8-8B4A-11D0-8D11-00A0C91BC942}") = "DynamicStrApp", "DynamicStrApp\DynamicStrApp.vcxproj", "{C2AA42BA-46CD-4EA8-BAAD-510BBBBDED09}"
EndProject
Project("{8BC9CEB8-8B4A-11D0-8D11-00A0C91BC942}") = "MainArgApp", "MainArgApp\MainArgApp.vcxproj", "{E10F7949-64EB-4A62-8EBF-DFDB3383E12A}"
EndProject
Project("{2150E333-8FDC-42A3-9474-1A3956D46DE8}") = "Ch17", "Ch17", "{3AE48340-844A-47B5-9316-868AADBDFCC1}"
EndProject
Project("{8BC9CEB8-8B4A-11D0-8D11-00A0C91BC942}") = "StructTestApp", "StructTestApp\StructTestApp.vcxproj", "{71157D21-1299-4602-A300-D35D3D71B353}"
EndProject
Project("{8BC9CEB8-8B4A-11D0-8D11-00A0C91BC942}") = "VisionApp", "VisionApp\VisionApp.vcxproj", "{B9AE0399-E136-473B-89B3-EB2525528E1C}"
EndProject
Project("{8BC9CEB8-8B4A-11D0-8D11-00A0C91BC942}") = "StructPtrApp", "StructPtrApp\StructPtrApp.vcxproj", "{B777784C-DD88-4129-9F21-ECBF28B55C00}"
EndProject
Global
	GlobalSection(SolutionConfigurationPlatforms) = preSolution
		Debug|x64 = Debug|x64
		Debug|x86 = Debug|x86
		Release|x64 = Release|x64
		Release|x86 = Release|x86
	EndGlobalSection
	GlobalSection(ProjectConfigurationPlatforms) = postSolution
		{F91F997A-C776-4DF9-BED8-BBD16EA27749}.Debug|x64.ActiveCfg = Debug|x64
		{F91F997A-C776-4DF9-BED8-BBD16EA27749}.Debug|x64.Build.0 = Debug|x64
		{F91F997A-C776-4DF9-BED8-BBD16EA27749}.Debug|x86.ActiveCfg = Debug|Win32
		{F91F997A-C776-4DF9-BED8-BBD16EA27749}.Debug|x86.Build.0 = Debug|Win32
		{F91F997A-C776-4DF9-BED8-BBD16EA27749}.Release|x64.ActiveCfg = Release|x64
		{F91F997A-C776-4DF9-BED8-BBD16EA27749}.Release|x64.Build.0 = Release|x64
		{F91F997A-C776-4DF9-BED8-BBD16EA27749}.Release|x86.ActiveCfg = Release|Win32
		{F91F997A-C776-4DF9-BED8-BBD16EA27749}.Release|x86.Build.0 = Release|Win32
		{C31A5728-8EDD-4D2F-B9CB-563EE2A8DECE}.Debug|x64.ActiveCfg = Debug|x64
		{C31A5728-8EDD-4D2F-B9CB-563EE2A8DECE}.Debug|x64.Build.0 = Debug|x64
		{C31A5728-8EDD-4D2F-B9CB-563EE2A8DECE}.Debug|x86.ActiveCfg = Debug|Win32
		{C31A5728-8EDD-4D2F-B9CB-563EE2A8DECE}.Debug|x86.Build.0 = Debug|Win32
		{C31A5728-8EDD-4D2F-B9CB-563EE2A8DECE}.Release|x64.ActiveCfg = Release|x64
		{C31A5728-8EDD-4D2F-B9CB-563EE2A8DECE}.Release|x64.Build.0 = Release|x64
		{C31A5728-8EDD-4D2F-B9CB-563EE2A8DECE}.Release|x86.ActiveCfg = Release|Win32
		{C31A5728-8EDD-4D2F-B9CB-563EE2A8DECE}.Release|x86.Build.0 = Release|Win32
		{8ACC877F-B021-4819-BB17-01FFBE1CA2EF}.Debug|x64.ActiveCfg = Debug|x64
		{8ACC877F-B021-4819-BB17-01FFBE1CA2EF}.Debug|x64.Build.0 = Debug|x64
		{8ACC877F-B021-4819-BB17-01FFBE1CA2EF}.Debug|x86.ActiveCfg = Debug|Win32
		{8ACC877F-B021-4819-BB17-01FFBE1CA2EF}.Debug|x86.Build.0 = Debug|Win32
		{8ACC877F-B021-4819-BB17-01FFBE1CA2EF}.Release|x64.ActiveCfg = Release|x64
		{8ACC877F-B021-4819-BB17-01FFBE1CA2EF}.Release|x64.Build.0 = Release|x64
		{8ACC877F-B021-4819-BB17-01FFBE1CA2EF}.Release|x86.ActiveCfg = Release|Win32
		{8ACC877F-B021-4819-BB17-01FFBE1CA2EF}.Release|x86.Build.0 = Release|Win32
		{6CA094B7-162F-498C-B25B-0C879A7E5E71}.Debug|x64.ActiveCfg = Debug|x64
		{6CA094B7-162F-498C-B25B-0C879A7E5E71}.Debug|x64.Build.0 = Debug|x64
		{6CA094B7-162F-498C-B25B-0C879A7E5E71}.Debug|x86.ActiveCfg = Debug|Win32
		{6CA094B7-162F-498C-B25B-0C879A7E5E71}.Debug|x86.Build.0 = Debug|Win32
		{6CA094B7-162F-498C-B25B-0C879A7E5E71}.Release|x64.ActiveCfg = Release|x64
		{6CA094B7-162F-498C-B25B-0C879A7E5E71}.Release|x64.Build.0 = Release|x64
		{6CA094B7-162F-498C-B25B-0C879A7E5E71}.Release|x86.ActiveCfg = Release|Win32
		{6CA094B7-162F-498C-B25B-0C879A7E5E71}.Release|x86.Build.0 = Release|Win32
		{2C4E104F-2E48-42C0-88EB-B1B96FD61727}.Debug|x64.ActiveCfg = Debug|x64
		{2C4E104F-2E48-42C0-88EB-B1B96FD61727}.Debug|x64.Build.0 = Debug|x64
		{2C4E104F-2E48-42C0-88EB-B1B96FD61727}.Debug|x86.ActiveCfg = Debug|Win32
		{2C4E104F-2E48-42C0-88EB-B1B96FD61727}.Debug|x86.Build.0 = Debug|Win32
		{2C4E104F-2E48-42C0-88EB-B1B96FD61727}.Release|x64.ActiveCfg = Release|x64
		{2C4E104F-2E48-42C0-88EB-B1B96FD61727}.Release|x64.Build.0 = Release|x64
		{2C4E104F-2E48-42C0-88EB-B1B96FD61727}.Release|x86.ActiveCfg = Release|Win32
		{2C4E104F-2E48-42C0-88EB-B1B96FD61727}.Release|x86.Build.0 = Release|Win32
		{6CBA6D7B-298C-4324-890E-E56C8BD54F7D}.Debug|x64.ActiveCfg = Debug|x64
		{6CBA6D7B-298C-4324-890E-E56C8BD54F7D}.Debug|x64.Build.0 = Debug|x64
		{6CBA6D7B-298C-4324-890E-E56C8BD54F7D}.Debug|x86.ActiveCfg = Debug|Win32
		{6CBA6D7B-298C-4324-890E-E56C8BD54F7D}.Debug|x86.Build.0 = Debug|Win32
		{6CBA6D7B-298C-4324-890E-E56C8BD54F7D}.Release|x64.ActiveCfg = Release|x64
		{6CBA6D7B-298C-4324-890E-E56C8BD54F7D}.Release|x64.Build.0 = Release|x64
		{6CBA6D7B-298C-4324-890E-E56C8BD54F7D}.Release|x86.ActiveCfg = Release|Win32
		{6CBA6D7B-298C-4324-890E-E56C8BD54F7D}.Release|x86.Build.0 = Release|Win32
		{B83F216E-D590-4EEB-92F2-EBDDB4DCBAF0}.Debug|x64.ActiveCfg = Debug|x64
		{B83F216E-D590-4EEB-92F2-EBDDB4DCBAF0}.Debug|x64.Build.0 = Debug|x64
		{B83F216E-D590-4EEB-92F2-EBDDB4DCBAF0}.Debug|x86.ActiveCfg = Debug|Win32
		{B83F216E-D590-4EEB-92F2-EBDDB4DCBAF0}.Debug|x86.Build.0 = Debug|Win32
		{B83F216E-D590-4EEB-92F2-EBDDB4DCBAF0}.Release|x64.ActiveCfg = Release|x64
		{B83F216E-D590-4EEB-92F2-EBDDB4DCBAF0}.Release|x64.Build.0 = Release|x64
		{B83F216E-D590-4EEB-92F2-EBDDB4DCBAF0}.Release|x86.ActiveCfg = Release|Win32
		{B83F216E-D590-4EEB-92F2-EBDDB4DCBAF0}.Release|x86.Build.0 = Release|Win32
		{A05959D1-9BC6-4336-BEA3-3A62C6F7FA0A}.Debug|x64.ActiveCfg = Debug|x64
		{A05959D1-9BC6-4336-BEA3-3A62C6F7FA0A}.Debug|x64.Build.0 = Debug|x64
		{A05959D1-9BC6-4336-BEA3-3A62C6F7FA0A}.Debug|x86.ActiveCfg = Debug|Win32
		{A05959D1-9BC6-4336-BEA3-3A62C6F7FA0A}.Debug|x86.Build.0 = Debug|Win32
		{A05959D1-9BC6-4336-BEA3-3A62C6F7FA0A}.Release|x64.ActiveCfg = Release|x64
		{A05959D1-9BC6-4336-BEA3-3A62C6F7FA0A}.Release|x64.Build.0 = Release|x64
		{A05959D1-9BC6-4336-BEA3-3A62C6F7FA0A}.Release|x86.ActiveCfg = Release|Win32
		{A05959D1-9BC6-4336-BEA3-3A62C6F7FA0A}.Release|x86.Build.0 = Release|Win32
		{763BB2BD-14BF-48A8-A5E2-D95306A4F29D}.Debug|x64.ActiveCfg = Debug|x64
		{763BB2BD-14BF-48A8-A5E2-D95306A4F29D}.Debug|x64.Build.0 = Debug|x64
		{763BB2BD-14BF-48A8-A5E2-D95306A4F29D}.Debug|x86.ActiveCfg = Debug|Win32
		{763BB2BD-14BF-48A8-A5E2-D95306A4F29D}.Debug|x86.Build.0 = Debug|Win32
		{763BB2BD-14BF-48A8-A5E2-D95306A4F29D}.Release|x64.ActiveCfg = Release|x64
		{763BB2BD-14BF-48A8-A5E2-D95306A4F29D}.Release|x64.Build.0 = Release|x64
		{763BB2BD-14BF-48A8-A5E2-D95306A4F29D}.Release|x86.ActiveCfg = Release|Win32
		{763BB2BD-14BF-48A8-A5E2-D95306A4F29D}.Release|x86.Build.0 = Release|Win32
		{91EB5478-E591-4109-A572-35365913514F}.Debug|x64.ActiveCfg = Debug|x64
		{91EB5478-E591-4109-A572-35365913514F}.Debug|x64.Build.0 = Debug|x64
		{91EB5478-E591-4109-A572-35365913514F}.Debug|x86.ActiveCfg = Debug|Win32
		{91EB5478-E591-4109-A572-35365913514F}.Debug|x86.Build.0 = Debug|Win32
		{91EB5478-E591-4109-A572-35365913514F}.Release|x64.ActiveCfg = Release|x64
		{91EB5478-E591-4109-A572-35365913514F}.Release|x64.Build.0 = Release|x64
		{91EB5478-E591-4109-A572-35365913514F}.Release|x86.ActiveCfg = Release|Win32
		{91EB5478-E591-4109-A572-35365913514F}.Release|x86.Build.0 = Release|Win32
		{521DDDC0-6995-4F5D-8BA9-E9966A7AA69A}.Debug|x64.ActiveCfg = Debug|x64
		{521DDDC0-6995-4F5D-8BA9-E9966A7AA69A}.Debug|x64.Build.0 = Debug|x64
		{521DDDC0-6995-4F5D-8BA9-E9966A7AA69A}.Debug|x86.ActiveCfg = Debug|Win32
		{521DDDC0-6995-4F5D-8BA9-E9966A7AA69A}.Debug|x86.Build.0 = Debug|Win32
		{521DDDC0-6995-4F5D-8BA9-E9966A7AA69A}.Release|x64.ActiveCfg = Release|x64
		{521DDDC0-6995-4F5D-8BA9-E9966A7AA69A}.Release|x64.Build.0 = Release|x64
		{521DDDC0-6995-4F5D-8BA9-E9966A7AA69A}.Release|x86.ActiveCfg = Release|Win32
		{521DDDC0-6995-4F5D-8BA9-E9966A7AA69A}.Release|x86.Build.0 = Release|Win32
		{6F84AFF8-7C6F-4476-A025-35E7C1B9B7FD}.Debug|x64.ActiveCfg = Debug|x64
		{6F84AFF8-7C6F-4476-A025-35E7C1B9B7FD}.Debug|x64.Build.0 = Debug|x64
		{6F84AFF8-7C6F-4476-A025-35E7C1B9B7FD}.Debug|x86.ActiveCfg = Debug|Win32
		{6F84AFF8-7C6F-4476-A025-35E7C1B9B7FD}.Debug|x86.Build.0 = Debug|Win32
		{6F84AFF8-7C6F-4476-A025-35E7C1B9B7FD}.Release|x64.ActiveCfg = Release|x64
		{6F84AFF8-7C6F-4476-A025-35E7C1B9B7FD}.Release|x64.Build.0 = Release|x64
		{6F84AFF8-7C6F-4476-A025-35E7C1B9B7FD}.Release|x86.ActiveCfg = Release|Win32
		{6F84AFF8-7C6F-4476-A025-35E7C1B9B7FD}.Release|x86.Build.0 = Release|Win32
		{07AA3BA3-8B76-49AB-9F41-BEFC3035FED2}.Debug|x64.ActiveCfg = Debug|x64
		{07AA3BA3-8B76-49AB-9F41-BEFC3035FED2}.Debug|x64.Build.0 = Debug|x64
		{07AA3BA3-8B76-49AB-9F41-BEFC3035FED2}.Debug|x86.ActiveCfg = Debug|Win32
		{07AA3BA3-8B76-49AB-9F41-BEFC3035FED2}.Debug|x86.Build.0 = Debug|Win32
		{07AA3BA3-8B76-49AB-9F41-BEFC3035FED2}.Release|x64.ActiveCfg = Release|x64
		{07AA3BA3-8B76-49AB-9F41-BEFC3035FED2}.Release|x64.Build.0 = Release|x64
		{07AA3BA3-8B76-49AB-9F41-BEFC3035FED2}.Release|x86.ActiveCfg = Release|Win32
		{07AA3BA3-8B76-49AB-9F41-BEFC3035FED2}.Release|x86.Build.0 = Release|Win32
		{94F02929-EA62-4E46-AA87-BE8A9086FB60}.Debug|x64.ActiveCfg = Debug|x64
		{94F02929-EA62-4E46-AA87-BE8A9086FB60}.Debug|x64.Build.0 = Debug|x64
		{94F02929-EA62-4E46-AA87-BE8A9086FB60}.Debug|x86.ActiveCfg = Debug|Win32
		{94F02929-EA62-4E46-AA87-BE8A9086FB60}.Debug|x86.Build.0 = Debug|Win32
		{94F02929-EA62-4E46-AA87-BE8A9086FB60}.Release|x64.ActiveCfg = Release|x64
		{94F02929-EA62-4E46-AA87-BE8A9086FB60}.Release|x64.Build.0 = Release|x64
		{94F02929-EA62-4E46-AA87-BE8A9086FB60}.Release|x86.ActiveCfg = Release|Win32
		{94F02929-EA62-4E46-AA87-BE8A9086FB60}.Release|x86.Build.0 = Release|Win32
		{0B7E6760-CEF5-4092-AD91-6EEFF6FA47F9}.Debug|x64.ActiveCfg = Debug|x64
		{0B7E6760-CEF5-4092-AD91-6EEFF6FA47F9}.Debug|x64.Build.0 = Debug|x64
		{0B7E6760-CEF5-4092-AD91-6EEFF6FA47F9}.Debug|x86.ActiveCfg = Debug|Win32
		{0B7E6760-CEF5-4092-AD91-6EEFF6FA47F9}.Debug|x86.Build.0 = Debug|Win32
		{0B7E6760-CEF5-4092-AD91-6EEFF6FA47F9}.Release|x64.ActiveCfg = Release|x64
		{0B7E6760-CEF5-4092-AD91-6EEFF6FA47F9}.Release|x64.Build.0 = Release|x64
		{0B7E6760-CEF5-4092-AD91-6EEFF6FA47F9}.Release|x86.ActiveCfg = Release|Win32
		{0B7E6760-CEF5-4092-AD91-6EEFF6FA47F9}.Release|x86.Build.0 = Release|Win32
		{6FBF70F8-1D25-4BE7-ABAE-CDA02D86816D}.Debug|x64.ActiveCfg = Debug|x64
		{6FBF70F8-1D25-4BE7-ABAE-CDA02D86816D}.Debug|x64.Build.0 = Debug|x64
		{6FBF70F8-1D25-4BE7-ABAE-CDA02D86816D}.Debug|x86.ActiveCfg = Debug|Win32
		{6FBF70F8-1D25-4BE7-ABAE-CDA02D86816D}.Debug|x86.Build.0 = Debug|Win32
		{6FBF70F8-1D25-4BE7-ABAE-CDA02D86816D}.Release|x64.ActiveCfg = Release|x64
		{6FBF70F8-1D25-4BE7-ABAE-CDA02D86816D}.Release|x64.Build.0 = Release|x64
		{6FBF70F8-1D25-4BE7-ABAE-CDA02D86816D}.Release|x86.ActiveCfg = Release|Win32
		{6FBF70F8-1D25-4BE7-ABAE-CDA02D86816D}.Release|x86.Build.0 = Release|Win32
		{95DBF709-9E70-41B9-BF89-E861260B512F}.Debug|x64.ActiveCfg = Debug|x64
		{95DBF709-9E70-41B9-BF89-E861260B512F}.Debug|x64.Build.0 = Debug|x64
		{95DBF709-9E70-41B9-BF89-E861260B512F}.Debug|x86.ActiveCfg = Debug|Win32
		{95DBF709-9E70-41B9-BF89-E861260B512F}.Debug|x86.Build.0 = Debug|Win32
		{95DBF709-9E70-41B9-BF89-E861260B512F}.Release|x64.ActiveCfg = Release|x64
		{95DBF709-9E70-41B9-BF89-E861260B512F}.Release|x64.Build.0 = Release|x64
		{95DBF709-9E70-41B9-BF89-E861260B512F}.Release|x86.ActiveCfg = Release|Win32
		{95DBF709-9E70-41B9-BF89-E861260B512F}.Release|x86.Build.0 = Release|Win32
		{21D27CF5-E5BB-405F-87F7-6E1F7056068B}.Debug|x64.ActiveCfg = Debug|x64
		{21D27CF5-E5BB-405F-87F7-6E1F7056068B}.Debug|x64.Build.0 = Debug|x64
		{21D27CF5-E5BB-405F-87F7-6E1F7056068B}.Debug|x86.ActiveCfg = Debug|Win32
		{21D27CF5-E5BB-405F-87F7-6E1F7056068B}.Debug|x86.Build.0 = Debug|Win32
		{21D27CF5-E5BB-405F-87F7-6E1F7056068B}.Release|x64.ActiveCfg = Release|x64
		{21D27CF5-E5BB-405F-87F7-6E1F7056068B}.Release|x64.Build.0 = Release|x64
		{21D27CF5-E5BB-405F-87F7-6E1F7056068B}.Release|x86.ActiveCfg = Release|Win32
		{21D27CF5-E5BB-405F-87F7-6E1F7056068B}.Release|x86.Build.0 = Release|Win32
		{1E44C7D1-A414-46C4-B460-7FE1863CE4D3}.Debug|x64.ActiveCfg = Debug|x64
		{1E44C7D1-A414-46C4-B460-7FE1863CE4D3}.Debug|x64.Build.0 = Debug|x64
		{1E44C7D1-A414-46C4-B460-7FE1863CE4D3}.Debug|x86.ActiveCfg = Debug|Win32
		{1E44C7D1-A414-46C4-B460-7FE1863CE4D3}.Debug|x86.Build.0 = Debug|Win32
		{1E44C7D1-A414-46C4-B460-7FE1863CE4D3}.Release|x64.ActiveCfg = Release|x64
		{1E44C7D1-A414-46C4-B460-7FE1863CE4D3}.Release|x64.Build.0 = Release|x64
		{1E44C7D1-A414-46C4-B460-7FE1863CE4D3}.Release|x86.ActiveCfg = Release|Win32
		{1E44C7D1-A414-46C4-B460-7FE1863CE4D3}.Release|x86.Build.0 = Release|Win32
		{3173B1F9-8EF1-4FD4-A535-03882EA594A8}.Debug|x64.ActiveCfg = Debug|x64
		{3173B1F9-8EF1-4FD4-A535-03882EA594A8}.Debug|x64.Build.0 = Debug|x64
		{3173B1F9-8EF1-4FD4-A535-03882EA594A8}.Debug|x86.ActiveCfg = Debug|Win32
		{3173B1F9-8EF1-4FD4-A535-03882EA594A8}.Debug|x86.Build.0 = Debug|Win32
		{3173B1F9-8EF1-4FD4-A535-03882EA594A8}.Release|x64.ActiveCfg = Release|x64
		{3173B1F9-8EF1-4FD4-A535-03882EA594A8}.Release|x64.Build.0 = Release|x64
		{3173B1F9-8EF1-4FD4-A535-03882EA594A8}.Release|x86.ActiveCfg = Release|Win32
		{3173B1F9-8EF1-4FD4-A535-03882EA594A8}.Release|x86.Build.0 = Release|Win32
		{C56A4C29-53A8-40D6-96E0-79DFFB6BF373}.Debug|x64.ActiveCfg = Debug|x64
		{C56A4C29-53A8-40D6-96E0-79DFFB6BF373}.Debug|x64.Build.0 = Debug|x64
		{C56A4C29-53A8-40D6-96E0-79DFFB6BF373}.Debug|x86.ActiveCfg = Debug|Win32
		{C56A4C29-53A8-40D6-96E0-79DFFB6BF373}.Debug|x86.Build.0 = Debug|Win32
		{C56A4C29-53A8-40D6-96E0-79DFFB6BF373}.Release|x64.ActiveCfg = Release|x64
		{C56A4C29-53A8-40D6-96E0-79DFFB6BF373}.Release|x64.Build.0 = Release|x64
		{C56A4C29-53A8-40D6-96E0-79DFFB6BF373}.Release|x86.ActiveCfg = Release|Win32
		{C56A4C29-53A8-40D6-96E0-79DFFB6BF373}.Release|x86.Build.0 = Release|Win32
		{81D92745-9CE2-4BFE-9726-AEF8A8CA8CD7}.Debug|x64.ActiveCfg = Debug|x64
		{81D92745-9CE2-4BFE-9726-AEF8A8CA8CD7}.Debug|x64.Build.0 = Debug|x64
		{81D92745-9CE2-4BFE-9726-AEF8A8CA8CD7}.Debug|x86.ActiveCfg = Debug|Win32
		{81D92745-9CE2-4BFE-9726-AEF8A8CA8CD7}.Debug|x86.Build.0 = Debug|Win32
		{81D92745-9CE2-4BFE-9726-AEF8A8CA8CD7}.Release|x64.ActiveCfg = Release|x64
		{81D92745-9CE2-4BFE-9726-AEF8A8CA8CD7}.Release|x64.Build.0 = Release|x64
		{81D92745-9CE2-4BFE-9726-AEF8A8CA8CD7}.Release|x86.ActiveCfg = Release|Win32
		{81D92745-9CE2-4BFE-9726-AEF8A8CA8CD7}.Release|x86.Build.0 = Release|Win32
		{D147FF15-8AEB-4442-9A9E-475F5B8DB853}.Debug|x64.ActiveCfg = Debug|x64
		{D147FF15-8AEB-4442-9A9E-475F5B8DB853}.Debug|x64.Build.0 = Debug|x64
		{D147FF15-8AEB-4442-9A9E-475F5B8DB853}.Debug|x86.ActiveCfg = Debug|Win32
		{D147FF15-8AEB-4442-9A9E-475F5B8DB853}.Debug|x86.Build.0 = Debug|Win32
		{D147FF15-8AEB-4442-9A9E-475F5B8DB853}.Release|x64.ActiveCfg = Release|x64
		{D147FF15-8AEB-4442-9A9E-475F5B8DB853}.Release|x64.Build.0 = Release|x64
		{D147FF15-8AEB-4442-9A9E-475F5B8DB853}.Release|x86.ActiveCfg = Release|Win32
		{D147FF15-8AEB-4442-9A9E-475F5B8DB853}.Release|x86.Build.0 = Release|Win32
		{C4B41D1A-63CB-499A-AFAD-86E637316DBD}.Debug|x64.ActiveCfg = Debug|x64
		{C4B41D1A-63CB-499A-AFAD-86E637316DBD}.Debug|x64.Build.0 = Debug|x64
		{C4B41D1A-63CB-499A-AFAD-86E637316DBD}.Debug|x86.ActiveCfg = Debug|Win32
		{C4B41D1A-63CB-499A-AFAD-86E637316DBD}.Debug|x86.Build.0 = Debug|Win32
		{C4B41D1A-63CB-499A-AFAD-86E637316DBD}.Release|x64.ActiveCfg = Release|x64
		{C4B41D1A-63CB-499A-AFAD-86E637316DBD}.Release|x64.Build.0 = Release|x64
		{C4B41D1A-63CB-499A-AFAD-86E637316DBD}.Release|x86.ActiveCfg = Release|Win32
		{C4B41D1A-63CB-499A-AFAD-86E637316DBD}.Release|x86.Build.0 = Release|Win32
		{6167FE5E-B0AA-44A6-B52D-C2EEC38E51FE}.Debug|x64.ActiveCfg = Debug|x64
		{6167FE5E-B0AA-44A6-B52D-C2EEC38E51FE}.Debug|x64.Build.0 = Debug|x64
		{6167FE5E-B0AA-44A6-B52D-C2EEC38E51FE}.Debug|x86.ActiveCfg = Debug|Win32
		{6167FE5E-B0AA-44A6-B52D-C2EEC38E51FE}.Debug|x86.Build.0 = Debug|Win32
		{6167FE5E-B0AA-44A6-B52D-C2EEC38E51FE}.Release|x64.ActiveCfg = Release|x64
		{6167FE5E-B0AA-44A6-B52D-C2EEC38E51FE}.Release|x64.Build.0 = Release|x64
		{6167FE5E-B0AA-44A6-B52D-C2EEC38E51FE}.Release|x86.ActiveCfg = Release|Win32
		{6167FE5E-B0AA-44A6-B52D-C2EEC38E51FE}.Release|x86.Build.0 = Release|Win32
		{55E424F5-367E-45DF-A9EB-93F5FC3DF2B8}.Debug|x64.ActiveCfg = Debug|x64
		{55E424F5-367E-45DF-A9EB-93F5FC3DF2B8}.Debug|x64.Build.0 = Debug|x64
		{55E424F5-367E-45DF-A9EB-93F5FC3DF2B8}.Debug|x86.ActiveCfg = Debug|Win32
		{55E424F5-367E-45DF-A9EB-93F5FC3DF2B8}.Debug|x86.Build.0 = Debug|Win32
		{55E424F5-367E-45DF-A9EB-93F5FC3DF2B8}.Release|x64.ActiveCfg = Release|x64
		{55E424F5-367E-45DF-A9EB-93F5FC3DF2B8}.Release|x64.Build.0 = Release|x64
		{55E424F5-367E-45DF-A9EB-93F5FC3DF2B8}.Release|x86.ActiveCfg = Release|Win32
		{55E424F5-367E-45DF-A9EB-93F5FC3DF2B8}.Release|x86.Build.0 = Release|Win32
		{DCD64A0C-E5AD-43DC-9E33-963F463D4D03}.Debug|x64.ActiveCfg = Debug|x64
		{DCD64A0C-E5AD-43DC-9E33-963F463D4D03}.Debug|x64.Build.0 = Debug|x64
		{DCD64A0C-E5AD-43DC-9E33-963F463D4D03}.Debug|x86.ActiveCfg = Debug|Win32
		{DCD64A0C-E5AD-43DC-9E33-963F463D4D03}.Debug|x86.Build.0 = Debug|Win32
		{DCD64A0C-E5AD-43DC-9E33-963F463D4D03}.Release|x64.ActiveCfg = Release|x64
		{DCD64A0C-E5AD-43DC-9E33-963F463D4D03}.Release|x64.Build.0 = Release|x64
		{DCD64A0C-E5AD-43DC-9E33-963F463D4D03}.Release|x86.ActiveCfg = Release|Win32
		{DCD64A0C-E5AD-43DC-9E33-963F463D4D03}.Release|x86.Build.0 = Release|Win32
		{23ED660A-DBCD-44CA-B587-7A291306C787}.Debug|x64.ActiveCfg = Debug|x64
		{23ED660A-DBCD-44CA-B587-7A291306C787}.Debug|x64.Build.0 = Debug|x64
		{23ED660A-DBCD-44CA-B587-7A291306C787}.Debug|x86.ActiveCfg = Debug|Win32
		{23ED660A-DBCD-44CA-B587-7A291306C787}.Debug|x86.Build.0 = Debug|Win32
		{23ED660A-DBCD-44CA-B587-7A291306C787}.Release|x64.ActiveCfg = Release|x64
		{23ED660A-DBCD-44CA-B587-7A291306C787}.Release|x64.Build.0 = Release|x64
		{23ED660A-DBCD-44CA-B587-7A291306C787}.Release|x86.ActiveCfg = Release|Win32
		{23ED660A-DBCD-44CA-B587-7A291306C787}.Release|x86.Build.0 = Release|Win32
		{1861D5BF-69BE-4905-8AB0-A683EA825E8A}.Debug|x64.ActiveCfg = Debug|x64
		{1861D5BF-69BE-4905-8AB0-A683EA825E8A}.Debug|x64.Build.0 = Debug|x64
		{1861D5BF-69BE-4905-8AB0-A683EA825E8A}.Debug|x86.ActiveCfg = Debug|Win32
		{1861D5BF-69BE-4905-8AB0-A683EA825E8A}.Debug|x86.Build.0 = Debug|Win32
		{1861D5BF-69BE-4905-8AB0-A683EA825E8A}.Release|x64.ActiveCfg = Release|x64
		{1861D5BF-69BE-4905-8AB0-A683EA825E8A}.Release|x64.Build.0 = Release|x64
		{1861D5BF-69BE-4905-8AB0-A683EA825E8A}.Release|x86.ActiveCfg = Release|Win32
		{1861D5BF-69BE-4905-8AB0-A683EA825E8A}.Release|x86.Build.0 = Release|Win32
		{C2AA42BA-46CD-4EA8-BAAD-510BBBBDED09}.Debug|x64.ActiveCfg = Debug|x64
		{C2AA42BA-46CD-4EA8-BAAD-510BBBBDED09}.Debug|x64.Build.0 = Debug|x64
		{C2AA42BA-46CD-4EA8-BAAD-510BBBBDED09}.Debug|x86.ActiveCfg = Debug|Win32
		{C2AA42BA-46CD-4EA8-BAAD-510BBBBDED09}.Debug|x86.Build.0 = Debug|Win32
		{C2AA42BA-46CD-4EA8-BAAD-510BBBBDED09}.Release|x64.ActiveCfg = Release|x64
		{C2AA42BA-46CD-4EA8-BAAD-510BBBBDED09}.Release|x64.Build.0 = Release|x64
		{C2AA42BA-46CD-4EA8-BAAD-510BBBBDED09}.Release|x86.ActiveCfg = Release|Win32
		{C2AA42BA-46CD-4EA8-BAAD-510BBBBDED09}.Release|x86.Build.0 = Release|Win32
		{E10F7949-64EB-4A62-8EBF-DFDB3383E12A}.Debug|x64.ActiveCfg = Debug|x64
		{E10F7949-64EB-4A62-8EBF-DFDB3383E12A}.Debug|x64.Build.0 = Debug|x64
		{E10F7949-64EB-4A62-8EBF-DFDB3383E12A}.Debug|x86.ActiveCfg = Debug|Win32
		{E10F7949-64EB-4A62-8EBF-DFDB3383E12A}.Debug|x86.Build.0 = Debug|Win32
		{E10F7949-64EB-4A62-8EBF-DFDB3383E12A}.Release|x64.ActiveCfg = Release|x64
		{E10F7949-64EB-4A62-8EBF-DFDB3383E12A}.Release|x64.Build.0 = Release|x64
		{E10F7949-64EB-4A62-8EBF-DFDB3383E12A}.Release|x86.ActiveCfg = Release|Win32
		{E10F7949-64EB-4A62-8EBF-DFDB3383E12A}.Release|x86.Build.0 = Release|Win32
		{71157D21-1299-4602-A300-D35D3D71B353}.Debug|x64.ActiveCfg = Debug|x64
		{71157D21-1299-4602-A300-D35D3D71B353}.Debug|x64.Build.0 = Debug|x64
		{71157D21-1299-4602-A300-D35D3D71B353}.Debug|x86.ActiveCfg = Debug|Win32
		{71157D21-1299-4602-A300-D35D3D71B353}.Debug|x86.Build.0 = Debug|Win32
		{71157D21-1299-4602-A300-D35D3D71B353}.Release|x64.ActiveCfg = Release|x64
		{71157D21-1299-4602-A300-D35D3D71B353}.Release|x64.Build.0 = Release|x64
		{71157D21-1299-4602-A300-D35D3D71B353}.Release|x86.ActiveCfg = Release|Win32
		{71157D21-1299-4602-A300-D35D3D71B353}.Release|x86.Build.0 = Release|Win32
		{B9AE0399-E136-473B-89B3-EB2525528E1C}.Debug|x64.ActiveCfg = Debug|x64
		{B9AE0399-E136-473B-89B3-EB2525528E1C}.Debug|x64.Build.0 = Debug|x64
		{B9AE0399-E136-473B-89B3-EB2525528E1C}.Debug|x86.ActiveCfg = Debug|Win32
		{B9AE0399-E136-473B-89B3-EB2525528E1C}.Debug|x86.Build.0 = Debug|Win32
		{B9AE0399-E136-473B-89B3-EB2525528E1C}.Release|x64.ActiveCfg = Release|x64
		{B9AE0399-E136-473B-89B3-EB2525528E1C}.Release|x64.Build.0 = Release|x64
		{B9AE0399-E136-473B-89B3-EB2525528E1C}.Release|x86.ActiveCfg = Release|Win32
		{B9AE0399-E136-473B-89B3-EB2525528E1C}.Release|x86.Build.0 = Release|Win32
		{B777784C-DD88-4129-9F21-ECBF28B55C00}.Debug|x64.ActiveCfg = Debug|x64
		{B777784C-DD88-4129-9F21-ECBF28B55C00}.Debug|x64.Build.0 = Debug|x64
		{B777784C-DD88-4129-9F21-ECBF28B55C00}.Debug|x86.ActiveCfg = Debug|Win32
		{B777784C-DD88-4129-9F21-ECBF28B55C00}.Debug|x86.Build.0 = Debug|Win32
		{B777784C-DD88-4129-9F21-ECBF28B55C00}.Release|x64.ActiveCfg = Release|x64
		{B777784C-DD88-4129-9F21-ECBF28B55C00}.Release|x64.Build.0 = Release|x64
		{B777784C-DD88-4129-9F21-ECBF28B55C00}.Release|x86.ActiveCfg = Release|Win32
		{B777784C-DD88-4129-9F21-ECBF28B55C00}.Release|x86.Build.0 = Release|Win32
	EndGlobalSection
	GlobalSection(SolutionProperties) = preSolution
		HideSolutionNode = FALSE
	EndGlobalSection
	GlobalSection(NestedProjects) = preSolution
		{F91F997A-C776-4DF9-BED8-BBD16EA27749} = {A34A594B-CF90-4E9F-80E1-C41EAAD30C2F}
		{C31A5728-8EDD-4D2F-B9CB-563EE2A8DECE} = {A34A594B-CF90-4E9F-80E1-C41EAAD30C2F}
		{8ACC877F-B021-4819-BB17-01FFBE1CA2EF} = {863B575D-8155-498D-AF59-0486A306F93A}
		{6CA094B7-162F-498C-B25B-0C879A7E5E71} = {863B575D-8155-498D-AF59-0486A306F93A}
		{2C4E104F-2E48-42C0-88EB-B1B96FD61727} = {20CF410E-4B48-43DD-AA26-A4DDE4E88B02}
		{6CBA6D7B-298C-4324-890E-E56C8BD54F7D} = {20CF410E-4B48-43DD-AA26-A4DDE4E88B02}
		{B83F216E-D590-4EEB-92F2-EBDDB4DCBAF0} = {20CF410E-4B48-43DD-AA26-A4DDE4E88B02}
		{A05959D1-9BC6-4336-BEA3-3A62C6F7FA0A} = {7FA1FEB9-8D7B-43DF-88F0-00FD7C5EAA20}
		{763BB2BD-14BF-48A8-A5E2-D95306A4F29D} = {7FA1FEB9-8D7B-43DF-88F0-00FD7C5EAA20}
		{91EB5478-E591-4109-A572-35365913514F} = {5E6CB90D-F525-434A-907E-6085B99E6C79}
		{521DDDC0-6995-4F5D-8BA9-E9966A7AA69A} = {5E6CB90D-F525-434A-907E-6085B99E6C79}
		{6F84AFF8-7C6F-4476-A025-35E7C1B9B7FD} = {5E6CB90D-F525-434A-907E-6085B99E6C79}
		{07AA3BA3-8B76-49AB-9F41-BEFC3035FED2} = {D49E497C-BDE5-417B-A722-6366BC208238}
		{94F02929-EA62-4E46-AA87-BE8A9086FB60} = {AB72FA81-1B99-4425-96C9-4D2C1CF48370}
		{0B7E6760-CEF5-4092-AD91-6EEFF6FA47F9} = {C9B54D27-E638-46A0-9518-F0A51FCDC708}
		{6FBF70F8-1D25-4BE7-ABAE-CDA02D86816D} = {C9B54D27-E638-46A0-9518-F0A51FCDC708}
		{95DBF709-9E70-41B9-BF89-E861260B512F} = {2DED2C7F-82B1-4215-A90F-EEE31D45811F}
		{21D27CF5-E5BB-405F-87F7-6E1F7056068B} = {2DED2C7F-82B1-4215-A90F-EEE31D45811F}
		{1E44C7D1-A414-46C4-B460-7FE1863CE4D3} = {7067FB64-0FC6-4F21-876A-DCDCB56FB95C}
		{3173B1F9-8EF1-4FD4-A535-03882EA594A8} = {F0F2B3E8-E601-44B9-B662-B1B9DC389881}
		{C56A4C29-53A8-40D6-96E0-79DFFB6BF373} = {1E0CA7EB-953F-48D2-B71F-68BD417A2EEC}
		{81D92745-9CE2-4BFE-9726-AEF8A8CA8CD7} = {6DE8E862-CD64-4824-AB0B-4F805C625988}
		{D147FF15-8AEB-4442-9A9E-475F5B8DB853} = {6DE8E862-CD64-4824-AB0B-4F805C625988}
		{C4B41D1A-63CB-499A-AFAD-86E637316DBD} = {A057BB39-F0A2-4FC1-9E8E-ED2266D4134D}
		{6167FE5E-B0AA-44A6-B52D-C2EEC38E51FE} = {A057BB39-F0A2-4FC1-9E8E-ED2266D4134D}
		{55E424F5-367E-45DF-A9EB-93F5FC3DF2B8} = {A057BB39-F0A2-4FC1-9E8E-ED2266D4134D}
		{DCD64A0C-E5AD-43DC-9E33-963F463D4D03} = {C7669E19-EEBD-4D3B-B675-B4B6A270B1F8}
		{23ED660A-DBCD-44CA-B587-7A291306C787} = {C7669E19-EEBD-4D3B-B675-B4B6A270B1F8}
		{1861D5BF-69BE-4905-8AB0-A683EA825E8A} = {2970D880-1DA7-4741-A603-A8BD3CD0D557}
		{C2AA42BA-46CD-4EA8-BAAD-510BBBBDED09} = {2970D880-1DA7-4741-A603-A8BD3CD0D557}
		{E10F7949-64EB-4A62-8EBF-DFDB3383E12A} = {2970D880-1DA7-4741-A603-A8BD3CD0D557}
		{71157D21-1299-4602-A300-D35D3D71B353} = {3AE48340-844A-47B5-9316-868AADBDFCC1}
		{B9AE0399-E136-473B-89B3-EB2525528E1C} = {3AE48340-844A-47B5-9316-868AADBDFCC1}
		{B777784C-DD88-4129-9F21-ECBF28B55C00} = {3AE48340-844A-47B5-9316-868AADBDFCC1}
	EndGlobalSection
	GlobalSection(ExtensibilityGlobals) = postSolution
		SolutionGuid = {B592B089-119C-4932-82D2-7A54AE9E6523}
	EndGlobalSection
EndGlobal
