
Microsoft Visual Studio Solution File, Format Version 12.00
# Visual Studio Version 16
VisualStudioVersion = 16.0.29709.97
MinimumVisualStudioVersion = 10.0.40219.1
Project("{2150E333-8FDC-42A3-9474-1A3956D46DE8}") = "Ch01", "Ch01", "{A34A594B-CF90-4E9F-80E1-C41EAAD30C2F}"
EndProject
Project("{8BC9CEB8-8B4A-11D0-8D11-00A0C91BC942}") = "FirstApp", "FirstApp\FirstApp.vcxproj", "{F91F997A-C776-4DF9-BED8-BBD16EA27749}"
EndProject
Project("{8BC9CEB8-8B4A-11D0-8D11-00A0C91BC942}") = "TemplateTest", "TemplateTest\TemplateTest.vcxproj", "{C31A5728-8EDD-4D2F-B9CB-563EE2A8DECE}"
EndProject
Project("{2150E333-8FDC-42A3-9474-1A3956D46DE8}") = "Ch03", "Ch03", "{863B575D-8155-498D-AF59-0486A306F93A}"
EndProject
Project("{8BC9CEB8-8B4A-11D0-8D11-00A0C91BC942}") = "chep3", "chep3\chep3.vcxproj", "{8ACC877F-B021-4819-BB17-01FFBE1CA2EF}"
EndProject
Project("{8BC9CEB8-8B4A-11D0-8D11-00A0C91BC942}") = "StringTest", "StringTest\StringTest.vcxproj", "{6CA094B7-162F-498C-B25B-0C879A7E5E71}"
EndProject
Project("{2150E333-8FDC-42A3-9474-1A3956D46DE8}") = "Ch04", "Ch04", "{20CF410E-4B48-43DD-AA26-A4DDE4E88B02}"
EndProject
Project("{8BC9CEB8-8B4A-11D0-8D11-00A0C91BC942}") = "DivideTest", "DivideTest\DivideTest.vcxproj", "{2C4E104F-2E48-42C0-88EB-B1B96FD61727}"
EndProject
Project("{8BC9CEB8-8B4A-11D0-8D11-00A0C91BC942}") = "CastTest", "CastTest\CastTest.vcxproj", "{6CBA6D7B-298C-4324-890E-E56C8BD54F7D}"
EndProject
Global
	GlobalSection(SolutionConfigurationPlatforms) = preSolution
		Debug|x64 = Debug|x64
		Debug|x86 = Debug|x86
		Release|x64 = Release|x64
		Release|x86 = Release|x86
	EndGlobalSection
	GlobalSection(ProjectConfigurationPlatforms) = postSolution
		{F91F997A-C776-4DF9-BED8-BBD16EA27749}.Debug|x64.ActiveCfg = Debug|x64
		{F91F997A-C776-4DF9-BED8-BBD16EA27749}.Debug|x64.Build.0 = Debug|x64
		{F91F997A-C776-4DF9-BED8-BBD16EA27749}.Debug|x86.ActiveCfg = Debug|Win32
		{F91F997A-C776-4DF9-BED8-BBD16EA27749}.Debug|x86.Build.0 = Debug|Win32
		{F91F997A-C776-4DF9-BED8-BBD16EA27749}.Release|x64.ActiveCfg = Release|x64
		{F91F997A-C776-4DF9-BED8-BBD16EA27749}.Release|x64.Build.0 = Release|x64
		{F91F997A-C776-4DF9-BED8-BBD16EA27749}.Release|x86.ActiveCfg = Release|Win32
		{F91F997A-C776-4DF9-BED8-BBD16EA27749}.Release|x86.Build.0 = Release|Win32
		{C31A5728-8EDD-4D2F-B9CB-563EE2A8DECE}.Debug|x64.ActiveCfg = Debug|x64
		{C31A5728-8EDD-4D2F-B9CB-563EE2A8DECE}.Debug|x64.Build.0 = Debug|x64
		{C31A5728-8EDD-4D2F-B9CB-563EE2A8DECE}.Debug|x86.ActiveCfg = Debug|Win32
		{C31A5728-8EDD-4D2F-B9CB-563EE2A8DECE}.Debug|x86.Build.0 = Debug|Win32
		{C31A5728-8EDD-4D2F-B9CB-563EE2A8DECE}.Release|x64.ActiveCfg = Release|x64
		{C31A5728-8EDD-4D2F-B9CB-563EE2A8DECE}.Release|x64.Build.0 = Release|x64
		{C31A5728-8EDD-4D2F-B9CB-563EE2A8DECE}.Release|x86.ActiveCfg = Release|Win32
		{C31A5728-8EDD-4D2F-B9CB-563EE2A8DECE}.Release|x86.Build.0 = Release|Win32
		{8ACC877F-B021-4819-BB17-01FFBE1CA2EF}.Debug|x64.ActiveCfg = Debug|x64
		{8ACC877F-B021-4819-BB17-01FFBE1CA2EF}.Debug|x64.Build.0 = Debug|x64
		{8ACC877F-B021-4819-BB17-01FFBE1CA2EF}.Debug|x86.ActiveCfg = Debug|Win32
		{8ACC877F-B021-4819-BB17-01FFBE1CA2EF}.Debug|x86.Build.0 = Debug|Win32
		{8ACC877F-B021-4819-BB17-01FFBE1CA2EF}.Release|x64.ActiveCfg = Release|x64
		{8ACC877F-B021-4819-BB17-01FFBE1CA2EF}.Release|x64.Build.0 = Release|x64
		{8ACC877F-B021-4819-BB17-01FFBE1CA2EF}.Release|x86.ActiveCfg = Release|Win32
		{8ACC877F-B021-4819-BB17-01FFBE1CA2EF}.Release|x86.Build.0 = Release|Win32
		{6CA094B7-162F-498C-B25B-0C879A7E5E71}.Debug|x64.ActiveCfg = Debug|x64
		{6CA094B7-162F-498C-B25B-0C879A7E5E71}.Debug|x64.Build.0 = Debug|x64
		{6CA094B7-162F-498C-B25B-0C879A7E5E71}.Debug|x86.ActiveCfg = Debug|Win32
		{6CA094B7-162F-498C-B25B-0C879A7E5E71}.Debug|x86.Build.0 = Debug|Win32
		{6CA094B7-162F-498C-B25B-0C879A7E5E71}.Release|x64.ActiveCfg = Release|x64
		{6CA094B7-162F-498C-B25B-0C879A7E5E71}.Release|x64.Build.0 = Release|x64
		{6CA094B7-162F-498C-B25B-0C879A7E5E71}.Release|x86.ActiveCfg = Release|Win32
		{6CA094B7-162F-498C-B25B-0C879A7E5E71}.Release|x86.Build.0 = Release|Win32
		{2C4E104F-2E48-42C0-88EB-B1B96FD61727}.Debug|x64.ActiveCfg = Debug|x64
		{2C4E104F-2E48-42C0-88EB-B1B96FD61727}.Debug|x64.Build.0 = Debug|x64
		{2C4E104F-2E48-42C0-88EB-B1B96FD61727}.Debug|x86.ActiveCfg = Debug|Win32
		{2C4E104F-2E48-42C0-88EB-B1B96FD61727}.Debug|x86.Build.0 = Debug|Win32
		{2C4E104F-2E48-42C0-88EB-B1B96FD61727}.Release|x64.ActiveCfg = Release|x64
		{2C4E104F-2E48-42C0-88EB-B1B96FD61727}.Release|x64.Build.0 = Release|x64
		{2C4E104F-2E48-42C0-88EB-B1B96FD61727}.Release|x86.ActiveCfg = Release|Win32
		{2C4E104F-2E48-42C0-88EB-B1B96FD61727}.Release|x86.Build.0 = Release|Win32
		{6CBA6D7B-298C-4324-890E-E56C8BD54F7D}.Debug|x64.ActiveCfg = Debug|x64
		{6CBA6D7B-298C-4324-890E-E56C8BD54F7D}.Debug|x64.Build.0 = Debug|x64
		{6CBA6D7B-298C-4324-890E-E56C8BD54F7D}.Debug|x86.ActiveCfg = Debug|Win32
		{6CBA6D7B-298C-4324-890E-E56C8BD54F7D}.Debug|x86.Build.0 = Debug|Win32
		{6CBA6D7B-298C-4324-890E-E56C8BD54F7D}.Release|x64.ActiveCfg = Release|x64
		{6CBA6D7B-298C-4324-890E-E56C8BD54F7D}.Release|x64.Build.0 = Release|x64
		{6CBA6D7B-298C-4324-890E-E56C8BD54F7D}.Release|x86.ActiveCfg = Release|Win32
		{6CBA6D7B-298C-4324-890E-E56C8BD54F7D}.Release|x86.Build.0 = Release|Win32
	EndGlobalSection
	GlobalSection(SolutionProperties) = preSolution
		HideSolutionNode = FALSE
	EndGlobalSection
	GlobalSection(NestedProjects) = preSolution
		{F91F997A-C776-4DF9-BED8-BBD16EA27749} = {A34A594B-CF90-4E9F-80E1-C41EAAD30C2F}
		{C31A5728-8EDD-4D2F-B9CB-563EE2A8DECE} = {A34A594B-CF90-4E9F-80E1-C41EAAD30C2F}
		{8ACC877F-B021-4819-BB17-01FFBE1CA2EF} = {863B575D-8155-498D-AF59-0486A306F93A}
		{6CA094B7-162F-498C-B25B-0C879A7E5E71} = {863B575D-8155-498D-AF59-0486A306F93A}
		{2C4E104F-2E48-42C0-88EB-B1B96FD61727} = {20CF410E-4B48-43DD-AA26-A4DDE4E88B02}
		{6CBA6D7B-298C-4324-890E-E56C8BD54F7D} = {20CF410E-4B48-43DD-AA26-A4DDE4E88B02}
	EndGlobalSection
	GlobalSection(ExtensibilityGlobals) = postSolution
		SolutionGuid = {B592B089-119C-4932-82D2-7A54AE9E6523}
	EndGlobalSection
EndGlobal
